{
	"name": "semantic-tailwind-react",
	"version": "0.0.25",
	"lockfileVersion": 1,
	"requires": true,
	"dependencies": {
		"react-subscribed-state": {
			"version": "0.0.7",
			"resolved": "https://registry.npmjs.org/react-subscribed-state/-/react-subscribed-state-0.0.7.tgz",
			"integrity": "sha512-u9P0O5DmurWlpUmfbsyYnNd6jBBjZmuS0wWA3k6/CU3hHMVz6jXGfJptgUBqUlFrfeIwU8tT2xqP5nr6cdiHGQ=="
		}
	}
}
